
Microsoft Visual Studio Solution File, Format Version 12.00
# Visual Studio Version 17
VisualStudioVersion = 17.8.34511.84
MinimumVisualStudioVersion = 10.0.40219.1
Project("{FAE04EC0-301F-11D3-BF4B-00C04F79EFBC}") = "RS1_2024_25.API", "RS1_2024_25.API\RS1_2024_25.API.csproj", "{88D8E34A-713A-42BB-A5CC-246FA15BD7C0}"
EndProject
Project("{FAE04EC0-301F-11D3-BF4B-00C04F79EFBC}") = "RS1_2024_25.Tests", "RS1_2024_25.Tests\RS1_2024_25.Tests.csproj", "{5477ADCF-1313-4BC3-AE25-F48EA72F8F4C}"
EndProject
Global
	GlobalSection(SolutionConfigurationPlatforms) = preSolution
		Debug|Any CPU = Debug|Any CPU
		Release|Any CPU = Release|Any CPU
	EndGlobalSection
	GlobalSection(ProjectConfigurationPlatforms) = postSolution
		{88D8E34A-713A-42BB-A5CC-246FA15BD7C0}.Debug|Any CPU.ActiveCfg = Debug|Any CPU
		{88D8E34A-713A-42BB-A5CC-246FA15BD7C0}.Debug|Any CPU.Build.0 = Debug|Any CPU
		{88D8E34A-713A-42BB-A5CC-246FA15BD7C0}.Release|Any CPU.ActiveCfg = Release|Any CPU
		{88D8E34A-713A-42BB-A5CC-246FA15BD7C0}.Release|Any CPU.Build.0 = Release|Any CPU
		{5477ADCF-1313-4BC3-AE25-F48EA72F8F4C}.Debug|Any CPU.ActiveCfg = Debug|Any CPU
		{5477ADCF-1313-4BC3-AE25-F48EA72F8F4C}.Debug|Any CPU.Build.0 = Debug|Any CPU
		{5477ADCF-1313-4BC3-AE25-F48EA72F8F4C}.Release|Any CPU.ActiveCfg = Release|Any CPU
		{5477ADCF-1313-4BC3-AE25-F48EA72F8F4C}.Release|Any CPU.Build.0 = Release|Any CPU
	EndGlobalSection
	GlobalSection(SolutionProperties) = preSolution
		HideSolutionNode = FALSE
	EndGlobalSection
	GlobalSection(ExtensibilityGlobals) = postSolution
		SolutionGuid = {BCA44FF5-FC97-461F-A2FC-2941999712E7}
	EndGlobalSection
EndGlobal
