
Microsoft Visual Studio Solution File, Format Version 12.00
# Visual Studio Version 17
VisualStudioVersion = 17.0.31919.166
MinimumVisualStudioVersion = 10.0.40219.1
Project("{9A19103F-16F7-4668-BE54-9A1E7A4F7556}") = "FIT_Api_Example", "FIT_Api_Example\FIT_Api_Example.csproj", "{387F0F1B-D30D-431D-B5ED-A8F484B17B32}"
EndProject
Project("{2150E333-8FDC-42A3-9474-1A3956D46DE8}") = "Solution Items", "Solution Items", "{EDE0C3F7-F2C2-4CBC-982A-0298EF616127}"
	ProjectSection(SolutionItems) = preProject
		.editorconfig = .editorconfig
	EndProjectSection
EndProject
Global
	GlobalSection(SolutionConfigurationPlatforms) = preSolution
		Debug|Any CPU = Debug|Any CPU
		Release|Any CPU = Release|Any CPU
	EndGlobalSection
	GlobalSection(ProjectConfigurationPlatforms) = postSolution
		{387F0F1B-D30D-431D-B5ED-A8F484B17B32}.Debug|Any CPU.ActiveCfg = Debug|Any CPU
		{387F0F1B-D30D-431D-B5ED-A8F484B17B32}.Debug|Any CPU.Build.0 = Debug|Any CPU
		{387F0F1B-D30D-431D-B5ED-A8F484B17B32}.Release|Any CPU.ActiveCfg = Release|Any CPU
		{387F0F1B-D30D-431D-B5ED-A8F484B17B32}.Release|Any CPU.Build.0 = Release|Any CPU
	EndGlobalSection
	GlobalSection(SolutionProperties) = preSolution
		HideSolutionNode = FALSE
	EndGlobalSection
	GlobalSection(ExtensibilityGlobals) = postSolution
		SolutionGuid = {D9E3DF83-E465-4A78-A954-937A38910A12}
	EndGlobalSection
EndGlobal
